
Microsoft Visual Studio Solution File, Format Version 12.00
# Visual Studio 14
VisualStudioVersion = 14.0.25420.1
MinimumVisualStudioVersion = 10.0.40219.1
Project("{2150E333-8FDC-42A3-9474-1A3956D46DE8}") = "40", "40", "{03378C29-092A-4865-968A-DD8628EC4FFE}"
EndProject
Project("{2150E333-8FDC-42A3-9474-1A3956D46DE8}") = "20", "20", "{6668D1E3-14AD-4451-B1A3-A1FAFC5B00D0}"
EndProject
Project("{2150E333-8FDC-42A3-9474-1A3956D46DE8}") = "10", "10", "{B4799A4C-157E-40AC-8BC7-D27EE8D92EEC}"
EndProject
Project("{2150E333-8FDC-42A3-9474-1A3956D46DE8}") = "30", "30", "{C73A733D-6AB6-4159-9FD0-4603FD7BDE80}"
EndProject
Project("{FAE04EC0-301F-11D3-BF4B-00C04F79EFBC}") = "Ad.Dal", "Ad.Dal\Ad.Dal.csproj", "{EC63467E-7629-4A11-96B6-F298DE6D701E}"
EndProject
Project("{FAE04EC0-301F-11D3-BF4B-00C04F79EFBC}") = "Ad.Bizness", "Ad.Bizness\Ad.Bizness.csproj", "{7840C0D1-57C0-4D21-B946-1121FCB713A8}"
EndProject
Project("{FAE04EC0-301F-11D3-BF4B-00C04F79EFBC}") = "Ad.Common", "Ad.Common\Ad.Common.csproj", "{274F6C7F-B95F-4E3C-BF7A-203660B19624}"
EndProject
Project("{FAE04EC0-301F-11D3-BF4B-00C04F79EFBC}") = "Ad.WebAPI", "Ad.WebAPI\Ad.WebAPI.csproj", "{1C6B0EEF-2B3F-492B-B5DD-C07679662C94}"
EndProject
Project("{FAE04EC0-301F-11D3-BF4B-00C04F79EFBC}") = "Ad.BiznessUnitTest", "Ad.BiznessUnitTest\Ad.BiznessUnitTest.csproj", "{57782A82-DFD9-4EEB-934B-2D5DD1FE06A7}"
EndProject
Project("{2150E333-8FDC-42A3-9474-1A3956D46DE8}") = "0", "0", "{4385C800-C67F-42C2-94A5-F4DBEFDB6DD0}"
EndProject
Project("{FAE04EC0-301F-11D3-BF4B-00C04F79EFBC}") = "daltest", "daltest\daltest.csproj", "{15F6CE8E-8251-46F8-8B2D-1461B3E26B81}"
EndProject
Global
	GlobalSection(SolutionConfigurationPlatforms) = preSolution
		Debug|Any CPU = Debug|Any CPU
		Release|Any CPU = Release|Any CPU
	EndGlobalSection
	GlobalSection(ProjectConfigurationPlatforms) = postSolution
		{EC63467E-7629-4A11-96B6-F298DE6D701E}.Debug|Any CPU.ActiveCfg = Debug|Any CPU
		{EC63467E-7629-4A11-96B6-F298DE6D701E}.Debug|Any CPU.Build.0 = Debug|Any CPU
		{EC63467E-7629-4A11-96B6-F298DE6D701E}.Release|Any CPU.ActiveCfg = Release|Any CPU
		{EC63467E-7629-4A11-96B6-F298DE6D701E}.Release|Any CPU.Build.0 = Release|Any CPU
		{7840C0D1-57C0-4D21-B946-1121FCB713A8}.Debug|Any CPU.ActiveCfg = Debug|Any CPU
		{7840C0D1-57C0-4D21-B946-1121FCB713A8}.Debug|Any CPU.Build.0 = Debug|Any CPU
		{7840C0D1-57C0-4D21-B946-1121FCB713A8}.Release|Any CPU.ActiveCfg = Release|Any CPU
		{7840C0D1-57C0-4D21-B946-1121FCB713A8}.Release|Any CPU.Build.0 = Release|Any CPU
		{274F6C7F-B95F-4E3C-BF7A-203660B19624}.Debug|Any CPU.ActiveCfg = Debug|Any CPU
		{274F6C7F-B95F-4E3C-BF7A-203660B19624}.Debug|Any CPU.Build.0 = Debug|Any CPU
		{274F6C7F-B95F-4E3C-BF7A-203660B19624}.Release|Any CPU.ActiveCfg = Release|Any CPU
		{274F6C7F-B95F-4E3C-BF7A-203660B19624}.Release|Any CPU.Build.0 = Release|Any CPU
		{1C6B0EEF-2B3F-492B-B5DD-C07679662C94}.Debug|Any CPU.ActiveCfg = Debug|Any CPU
		{1C6B0EEF-2B3F-492B-B5DD-C07679662C94}.Debug|Any CPU.Build.0 = Debug|Any CPU
		{1C6B0EEF-2B3F-492B-B5DD-C07679662C94}.Release|Any CPU.ActiveCfg = Release|Any CPU
		{1C6B0EEF-2B3F-492B-B5DD-C07679662C94}.Release|Any CPU.Build.0 = Release|Any CPU
		{57782A82-DFD9-4EEB-934B-2D5DD1FE06A7}.Debug|Any CPU.ActiveCfg = Debug|Any CPU
		{57782A82-DFD9-4EEB-934B-2D5DD1FE06A7}.Debug|Any CPU.Build.0 = Debug|Any CPU
		{57782A82-DFD9-4EEB-934B-2D5DD1FE06A7}.Release|Any CPU.ActiveCfg = Release|Any CPU
		{57782A82-DFD9-4EEB-934B-2D5DD1FE06A7}.Release|Any CPU.Build.0 = Release|Any CPU
		{15F6CE8E-8251-46F8-8B2D-1461B3E26B81}.Debug|Any CPU.ActiveCfg = Debug|Any CPU
		{15F6CE8E-8251-46F8-8B2D-1461B3E26B81}.Debug|Any CPU.Build.0 = Debug|Any CPU
		{15F6CE8E-8251-46F8-8B2D-1461B3E26B81}.Release|Any CPU.ActiveCfg = Release|Any CPU
		{15F6CE8E-8251-46F8-8B2D-1461B3E26B81}.Release|Any CPU.Build.0 = Release|Any CPU
	EndGlobalSection
	GlobalSection(SolutionProperties) = preSolution
		HideSolutionNode = FALSE
	EndGlobalSection
	GlobalSection(NestedProjects) = preSolution
		{EC63467E-7629-4A11-96B6-F298DE6D701E} = {C73A733D-6AB6-4159-9FD0-4603FD7BDE80}
		{7840C0D1-57C0-4D21-B946-1121FCB713A8} = {6668D1E3-14AD-4451-B1A3-A1FAFC5B00D0}
		{274F6C7F-B95F-4E3C-BF7A-203660B19624} = {03378C29-092A-4865-968A-DD8628EC4FFE}
		{1C6B0EEF-2B3F-492B-B5DD-C07679662C94} = {B4799A4C-157E-40AC-8BC7-D27EE8D92EEC}
		{57782A82-DFD9-4EEB-934B-2D5DD1FE06A7} = {B4799A4C-157E-40AC-8BC7-D27EE8D92EEC}
		{15F6CE8E-8251-46F8-8B2D-1461B3E26B81} = {4385C800-C67F-42C2-94A5-F4DBEFDB6DD0}
	EndGlobalSection
EndGlobal
